{
    "_readme": [
        "This file locks the dependencies of your project to a known state",
        "Read more about it at https://getcomposer.org/doc/01-basic-usage.md#installing-dependencies",
        "This file is @generated automatically"
    ],
    "content-hash": "bc381ed21bcec41290e025b19579055a",
    "packages": [
        {
            "name": "enf-james/framework",
            "version": "dev-master",
            "source": {
                "type": "git",
                "url": "https://github.com/enf-james/framework.git",
                "reference": "6517451744e470b47e2a8500b4b513ad30a3ad13"
            },
            "dist": {
                "type": "zip",
                "url": "https://api.github.com/repos/enf-james/framework/zipball/6517451744e470b47e2a8500b4b513ad30a3ad13",
                "reference": "6517451744e470b47e2a8500b4b513ad30a3ad13",
                "shasum": ""
            },
            "require": {
                "psr/http-message": "^1.0",
                "psr/http-server-handler": "^1.0",
                "psr/http-server-middleware": "^1.0"
            },
            "default-branch": true,
            "type": "library",
            "autoload": {
                "psr-4": {
                    "ENF\\James\\Framework\\": "src/"
                },
                "files": [
                    "src/functions.php"
                ]
            },
            "authors": [
                {
                    "name": "James",
                    "email": "james@enfsolar.com"
                }
            ],
            "description": "PHP framework",
            "support": {
                "source": "https://github.com/enf-james/framework/tree/master",
                "issues": "https://github.com/enf-james/framework/issues"
            },
            "time": "2021-05-12T14:52:20+00:00"
        },
        {
            "name": "psr/http-message",
            "version": "dev-master",
            "source": {
                "type": "git",
                "url": "https://github.com/php-fig/http-message.git",
                "reference": "efd67d1dc14a7ef4fc4e518e7dee91c271d524e4"
            },
            "dist": {
                "type": "zip",
                "url": "https://api.github.com/repos/php-fig/http-message/zipball/efd67d1dc14a7ef4fc4e518e7dee91c271d524e4",
                "reference": "efd67d1dc14a7ef4fc4e518e7dee91c271d524e4",
                "shasum": ""
            },
            "require": {
                "php": ">=5.3.0"
            },
            "default-branch": true,
            "type": "library",
            "extra": {
                "branch-alias": {
                    "dev-master": "1.0.x-dev"
                }
            },
            "autoload": {
                "psr-4": {
                    "Psr\\Http\\Message\\": "src/"
                }
            },
            "notification-url": "https://packagist.org/downloads/",
            "license": [
                "MIT"
            ],
            "authors": [
                {
                    "name": "PHP-FIG",
                    "homepage": "http://www.php-fig.org/"
                }
            ],
            "description": "Common interface for HTTP messages",
            "homepage": "https://github.com/php-fig/http-message",
            "keywords": [
                "http",
                "http-message",
                "psr",
                "psr-7",
                "request",
                "response"
            ],
            "support": {
                "source": "https://github.com/php-fig/http-message/tree/master"
            },
            "time": "2019-08-29T13:16:46+00:00"
        },
        {
            "name": "psr/http-server-handler",
            "version": "dev-master",
            "source": {
                "type": "git",
                "url": "https://github.com/php-fig/http-server-handler.git",
                "reference": "cada5cd1c6a9871031e07f26d0f7b08c9de19039"
            },
            "dist": {
                "type": "zip",
                "url": "https://api.github.com/repos/php-fig/http-server-handler/zipball/cada5cd1c6a9871031e07f26d0f7b08c9de19039",
                "reference": "cada5cd1c6a9871031e07f26d0f7b08c9de19039",
                "shasum": ""
            },
            "require": {
                "php": ">=7.0",
                "psr/http-message": "^1.0"
            },
            "default-branch": true,
            "type": "library",
            "extra": {
                "branch-alias": {
                    "dev-master": "1.0.x-dev"
                }
            },
            "autoload": {
                "psr-4": {
                    "Psr\\Http\\Server\\": "src/"
                }
            },
            "notification-url": "https://packagist.org/downloads/",
            "license": [
                "MIT"
            ],
            "authors": [
                {
                    "name": "PHP-FIG",
                    "homepage": "https://www.php-fig.org/"
                }
            ],
            "description": "Common interface for HTTP server-side request handler",
            "keywords": [
                "handler",
                "http",
                "http-interop",
                "psr",
                "psr-15",
                "psr-7",
                "request",
                "response",
                "server"
            ],
            "support": {
                "source": "https://github.com/php-fig/http-server-handler/tree/master"
            },
            "time": "2020-09-17T16:52:43+00:00"
        },
        {
            "name": "psr/http-server-middleware",
            "version": "dev-master",
            "source": {
                "type": "git",
                "url": "https://github.com/php-fig/http-server-middleware.git",
                "reference": "adcb26d2fb28018fea3319d0035e46e8d08eb8c8"
            },
            "dist": {
                "type": "zip",
                "url": "https://api.github.com/repos/php-fig/http-server-middleware/zipball/adcb26d2fb28018fea3319d0035e46e8d08eb8c8",
                "reference": "adcb26d2fb28018fea3319d0035e46e8d08eb8c8",
                "shasum": ""
            },
            "require": {
                "php": ">=7.0",
                "psr/http-message": "^1.0",
                "psr/http-server-handler": "^1.0"
            },
            "default-branch": true,
            "type": "library",
            "extra": {
                "branch-alias": {
                    "dev-master": "1.0.x-dev"
                }
            },
            "autoload": {
                "psr-4": {
                    "Psr\\Http\\Server\\": "src/"
                }
            },
            "notification-url": "https://packagist.org/downloads/",
            "license": [
                "MIT"
            ],
            "authors": [
                {
                    "name": "PHP-FIG",
                    "homepage": "https://www.php-fig.org/"
                }
            ],
            "description": "Common interface for HTTP server-side middleware",
            "keywords": [
                "http",
                "http-interop",
                "middleware",
                "psr",
                "psr-15",
                "psr-7",
                "request",
                "response"
            ],
            "support": {
                "issues": "https://github.com/php-fig/http-server-middleware/issues",
                "source": "https://github.com/php-fig/http-server-middleware/tree/master"
            },
            "time": "2020-09-17T16:41:19+00:00"
        }
    ],
    "packages-dev": [],
    "aliases": [],
    "minimum-stability": "dev",
    "stability-flags": {
        "enf-james/framework": 20
    },
    "prefer-stable": false,
    "prefer-lowest": false,
    "platform": [],
    "platform-dev": [],
    "plugin-api-version": "2.0.0"
}
